
Microsoft Visual Studio Solution File, Format Version 12.00
# Visual Studio Version 17
VisualStudioVersion = 17.5.33516.290
MinimumVisualStudioVersion = 10.0.40219.1
Project("{FAE04EC0-301F-11D3-BF4B-00C04F79EFBC}") = "Web", "Web\Web.csproj", "{9C891CB4-C7DD-49D4-9CCE-70B0CDD432E4}"
EndProject
Project("{FAE04EC0-301F-11D3-BF4B-00C04F79EFBC}") = "Infrastructure", "Infrastructure\Infrastructure.csproj", "{42FE37BE-3269-4D15-B38A-100B8CA29A96}"
EndProject
Global
	GlobalSection(SolutionConfigurationPlatforms) = preSolution
		Debug|Any CPU = Debug|Any CPU
		Release|Any CPU = Release|Any CPU
	EndGlobalSection
	GlobalSection(ProjectConfigurationPlatforms) = postSolution
		{9C891CB4-C7DD-49D4-9CCE-70B0CDD432E4}.Debug|Any CPU.ActiveCfg = Debug|Any CPU
		{9C891CB4-C7DD-49D4-9CCE-70B0CDD432E4}.Debug|Any CPU.Build.0 = Debug|Any CPU
		{9C891CB4-C7DD-49D4-9CCE-70B0CDD432E4}.Release|Any CPU.ActiveCfg = Release|Any CPU
		{9C891CB4-C7DD-49D4-9CCE-70B0CDD432E4}.Release|Any CPU.Build.0 = Release|Any CPU
		{42FE37BE-3269-4D15-B38A-100B8CA29A96}.Debug|Any CPU.ActiveCfg = Debug|Any CPU
		{42FE37BE-3269-4D15-B38A-100B8CA29A96}.Debug|Any CPU.Build.0 = Debug|Any CPU
		{42FE37BE-3269-4D15-B38A-100B8CA29A96}.Release|Any CPU.ActiveCfg = Release|Any CPU
		{42FE37BE-3269-4D15-B38A-100B8CA29A96}.Release|Any CPU.Build.0 = Release|Any CPU
	EndGlobalSection
	GlobalSection(SolutionProperties) = preSolution
		HideSolutionNode = FALSE
	EndGlobalSection
	GlobalSection(ExtensibilityGlobals) = postSolution
		SolutionGuid = {BD3B5C0B-FFE3-437D-A376-022FC5110637}
	EndGlobalSection
EndGlobal
