
Microsoft Visual Studio Solution File, Format Version 12.00
# Visual Studio Version 17
VisualStudioVersion = 17.4.33213.308
MinimumVisualStudioVersion = 10.0.40219.1
Project("{9A19103F-16F7-4668-BE54-9A1E7A4F7556}") = "Web", "Web\Web.csproj", "{97AF1919-0CD6-473A-80F1-289E8967CD1D}"
EndProject
Project("{FAE04EC0-301F-11D3-BF4B-00C04F79EFBC}") = "Infrastructure", "Infrastructure\Infrastructure.csproj", "{FD26D315-7E1D-43E7-8649-84F85EB20A42}"
EndProject
Global
	GlobalSection(SolutionConfigurationPlatforms) = preSolution
		Debug|Any CPU = Debug|Any CPU
		Release|Any CPU = Release|Any CPU
	EndGlobalSection
	GlobalSection(ProjectConfigurationPlatforms) = postSolution
		{97AF1919-0CD6-473A-80F1-289E8967CD1D}.Debug|Any CPU.ActiveCfg = Debug|Any CPU
		{97AF1919-0CD6-473A-80F1-289E8967CD1D}.Debug|Any CPU.Build.0 = Debug|Any CPU
		{97AF1919-0CD6-473A-80F1-289E8967CD1D}.Release|Any CPU.ActiveCfg = Release|Any CPU
		{97AF1919-0CD6-473A-80F1-289E8967CD1D}.Release|Any CPU.Build.0 = Release|Any CPU
		{FD26D315-7E1D-43E7-8649-84F85EB20A42}.Debug|Any CPU.ActiveCfg = Debug|Any CPU
		{FD26D315-7E1D-43E7-8649-84F85EB20A42}.Debug|Any CPU.Build.0 = Debug|Any CPU
		{FD26D315-7E1D-43E7-8649-84F85EB20A42}.Release|Any CPU.ActiveCfg = Release|Any CPU
		{FD26D315-7E1D-43E7-8649-84F85EB20A42}.Release|Any CPU.Build.0 = Release|Any CPU
	EndGlobalSection
	GlobalSection(SolutionProperties) = preSolution
		HideSolutionNode = FALSE
	EndGlobalSection
	GlobalSection(ExtensibilityGlobals) = postSolution
		SolutionGuid = {7352B3E6-5370-472B-8AB4-04A0F23D7CCB}
	EndGlobalSection
EndGlobal
